<?xml version="1.0" encoding="utf-8"?>
<Project ToolsVersion="4.0" xmlns="http://schemas.microsoft.com/developer/msbuild/2003">
  <ItemGroup>
    <Filter Include="Source Files">
      <UniqueIdentifier>{4FC737F1-C7A5-4376-A066-2A32D752A2FF}</UniqueIdentifier>
      <Extensions>cpp;c;cc;cxx;def;odl;idl;hpj;bat;asm;asmx</Extensions>
    </Filter>
    <Filter Include="Header Files">
      <UniqueIdentifier>{93995380-89BD-4b04-88EB-625FBE52EBFB}</UniqueIdentifier>
      <Extensions>h;hh;hpp;hxx;hm;inl;inc;xsd</Extensions>
    </Filter>
    <Filter Include="Resource Files">
      <UniqueIdentifier>{67DA6AB6-F800-4c08-8B7A-83BB121AAD01}</UniqueIdentifier>
      <Extensions>rc;ico;cur;bmp;dlg;rc2;rct;bin;rgs;gif;jpg;jpeg;jpe;resx;tiff;tif;png;wav;mfcribbon-ms</Extensions>
    </Filter>
  </ItemGroup>
  <ItemGroup>
    <ClCompile Include="..\..\..\..\Downloads\glad\src\glad.c">
      <Filter>Source Files</Filter>
    </ClCompile>
    <ClCompile Include="Math.cpp">
      <Filter>Source Files</Filter>
    </ClCompile>
    <ClCompile Include="MainEngine.cpp">
      <Filter>Source Files</Filter>
    </ClCompile>
    <ClCompile Include="FluxGameEngine.cpp">
      <Filter>Source Files</Filter>
    </ClCompile>
    <ClCompile Include="mat4.cpp">
      <Filter>Source Files</Filter>
    </ClCompile>
    <ClCompile Include="vec4.cpp">
      <Filter>Source Files</Filter>
    </ClCompile>
    <ClCompile Include="StackAllocator.cpp">
      <Filter>Source Files</Filter>
    </ClCompile>
    <ClCompile Include="quaternion.cpp">
      <Filter>Source Files</Filter>
    </ClCompile>
    <ClCompile Include="gameTester.cpp">
      <Filter>Source Files</Filter>
    </ClCompile>
    <ClCompile Include="Camera.cpp">
      <Filter>Source Files</Filter>
    </ClCompile>
    <ClCompile Include="Renderer.cpp">
      <Filter>Source Files</Filter>
    </ClCompile>
    <ClCompile Include="Texture.cpp">
      <Filter>Source Files</Filter>
    </ClCompile>
  </ItemGroup>
  <ItemGroup>
    <ClInclude Include="mat4.h">
      <Filter>Header Files</Filter>
    </ClInclude>
    <ClInclude Include="vec4.h">
      <Filter>Header Files</Filter>
    </ClInclude>
    <ClInclude Include="quaternion.h">
      <Filter>Header Files</Filter>
    </ClInclude>
    <ClInclude Include="StackAllocator.h">
      <Filter>Header Files</Filter>
    </ClInclude>
    <ClInclude Include="FluxGameEngine.h">
      <Filter>Header Files</Filter>
    </ClInclude>
    <ClInclude Include="gameTester.h">
      <Filter>Header Files</Filter>
    </ClInclude>
    <ClInclude Include="Camera.h">
      <Filter>Header Files</Filter>
    </ClInclude>
    <ClInclude Include="Renderer.h">
      <Filter>Header Files</Filter>
    </ClInclude>
    <ClInclude Include="Shader.h">
      <Filter>Header Files</Filter>
    </ClInclude>
    <ClInclude Include="stb_image.h">
      <Filter>Header Files</Filter>
    </ClInclude>
    <ClInclude Include="FileSystem.h">
      <Filter>Header Files</Filter>
    </ClInclude>
    <ClInclude Include="Texture.h">
      <Filter>Header Files</Filter>
    </ClInclude>
    <ClInclude Include="Vector4.h">
      <Filter>Header Files</Filter>
    </ClInclude>
    <ClInclude Include="Quad.h">
      <Filter>Header Files</Filter>
    </ClInclude>
    <ClInclude Include="Pyramid.h">
      <Filter>Header Files</Filter>
    </ClInclude>
    <ClInclude Include="Sphere.h">
      <Filter>Header Files</Filter>
    </ClInclude>
    <ClInclude Include="Cube.h">
      <Filter>Header Files</Filter>
    </ClInclude>
  </ItemGroup>
  <ItemGroup>
    <None Include="frag.shader">
      <Filter>Source Files</Filter>
    </None>
    <None Include="vert.shader">
      <Filter>Source Files</Filter>
    </None>
    <None Include="shadow_map_vert.shader">
      <Filter>Source Files</Filter>
    </None>
    <None Include="shadow_map_depth_vert.shader">
      <Filter>Source Files</Filter>
    </None>
    <None Include="shadow_map_depth_frag.shader">
      <Filter>Source Files</Filter>
    </None>
    <None Include="debug_quad_vert.shader">
      <Filter>Source Files</Filter>
    </None>
    <None Include="debug_quad_frag.shader">
      <Filter>Source Files</Filter>
    </None>
    <None Include="shadow_map_frag.shader">
      <Filter>Source Files</Filter>
    </None>
  </ItemGroup>
  <ItemGroup>
    <Library Include="..\..\..\..\Downloads\bullet3-master\mybuild\lib\Debug\Bullet3Collision_Debug.lib" />
    <Library Include="..\..\..\..\Downloads\bullet3-master\mybuild\lib\Debug\Bullet3Dynamics_Debug.lib" />
    <Library Include="..\..\..\..\Downloads\bullet3-master\mybuild\lib\Debug\LinearMath_Debug.lib" />
  </ItemGroup>
</Project>